{
  "pins" : [
    {
      "identity" : "markdownviewsample",
      "kind" : "remoteSourceControl",
      "location" : "https://github.com/kame-08/MarkdownViewSample",
      "state" : {
        "revision" : "74bd18fa0e07eb066eb8cc22b6c97e48db96e4a0",
        "version" : "3.0.3"
      }
    }
  ],
  "version" : 2
}
